
Microsoft Visual Studio Solution File, Format Version 12.00
# Visual Studio Version 16
VisualStudioVersion = 16.0.31313.79
MinimumVisualStudioVersion = 10.0.40219.1
Project("{FAE04EC0-301F-11D3-BF4B-00C04F79EFBC}") = "DataAccess", "DataAccess\DataAccess.csproj", "{75E11ED0-8DF0-4A6D-AA38-9007776A7E1E}"
EndProject
Project("{FAE04EC0-301F-11D3-BF4B-00C04F79EFBC}") = "Business", "Business\Business.csproj", "{A86EB49E-A167-45E3-90B9-DE55612ED6C0}"
EndProject
Project("{FAE04EC0-301F-11D3-BF4B-00C04F79EFBC}") = "Entities", "Entities\Entities.csproj", "{E66850C7-A6F2-4D92-BB91-CFE6FFE0991B}"
EndProject
Project("{FAE04EC0-301F-11D3-BF4B-00C04F79EFBC}") = "ConsoleUI", "ConsoleUI\ConsoleUI.csproj", "{C3FF78F2-ED4A-42D8-B1F7-A027EC43E518}"
EndProject
Global
	GlobalSection(SolutionConfigurationPlatforms) = preSolution
		Debug|Any CPU = Debug|Any CPU
		Release|Any CPU = Release|Any CPU
	EndGlobalSection
	GlobalSection(ProjectConfigurationPlatforms) = postSolution
		{75E11ED0-8DF0-4A6D-AA38-9007776A7E1E}.Debug|Any CPU.ActiveCfg = Debug|Any CPU
		{75E11ED0-8DF0-4A6D-AA38-9007776A7E1E}.Debug|Any CPU.Build.0 = Debug|Any CPU
		{75E11ED0-8DF0-4A6D-AA38-9007776A7E1E}.Release|Any CPU.ActiveCfg = Release|Any CPU
		{75E11ED0-8DF0-4A6D-AA38-9007776A7E1E}.Release|Any CPU.Build.0 = Release|Any CPU
		{A86EB49E-A167-45E3-90B9-DE55612ED6C0}.Debug|Any CPU.ActiveCfg = Debug|Any CPU
		{A86EB49E-A167-45E3-90B9-DE55612ED6C0}.Debug|Any CPU.Build.0 = Debug|Any CPU
		{A86EB49E-A167-45E3-90B9-DE55612ED6C0}.Release|Any CPU.ActiveCfg = Release|Any CPU
		{A86EB49E-A167-45E3-90B9-DE55612ED6C0}.Release|Any CPU.Build.0 = Release|Any CPU
		{E66850C7-A6F2-4D92-BB91-CFE6FFE0991B}.Debug|Any CPU.ActiveCfg = Debug|Any CPU
		{E66850C7-A6F2-4D92-BB91-CFE6FFE0991B}.Debug|Any CPU.Build.0 = Debug|Any CPU
		{E66850C7-A6F2-4D92-BB91-CFE6FFE0991B}.Release|Any CPU.ActiveCfg = Release|Any CPU
		{E66850C7-A6F2-4D92-BB91-CFE6FFE0991B}.Release|Any CPU.Build.0 = Release|Any CPU
		{C3FF78F2-ED4A-42D8-B1F7-A027EC43E518}.Debug|Any CPU.ActiveCfg = Debug|Any CPU
		{C3FF78F2-ED4A-42D8-B1F7-A027EC43E518}.Debug|Any CPU.Build.0 = Debug|Any CPU
		{C3FF78F2-ED4A-42D8-B1F7-A027EC43E518}.Release|Any CPU.ActiveCfg = Release|Any CPU
		{C3FF78F2-ED4A-42D8-B1F7-A027EC43E518}.Release|Any CPU.Build.0 = Release|Any CPU
	EndGlobalSection
	GlobalSection(SolutionProperties) = preSolution
		HideSolutionNode = FALSE
	EndGlobalSection
	GlobalSection(ExtensibilityGlobals) = postSolution
		SolutionGuid = {3FB46C15-25FA-4D39-86B3-FC7BF0CDE04C}
	EndGlobalSection
EndGlobal
